
Microsoft Visual Studio Solution File, Format Version 12.00
# Visual Studio Version 17
VisualStudioVersion = 17.5.002.0
MinimumVisualStudioVersion = 10.0.40219.1
Project("{9A19103F-16F7-4668-BE54-9A1E7A4F7556}") = "mslearn-modulo6-aula1-exercicio1", "mslearn-modulo6-aula1-exercicio1.csproj", "{1D7E3E09-EC7D-4522-824E-ACDAD0507F26}"
EndProject
Global
	GlobalSection(SolutionConfigurationPlatforms) = preSolution
		Debug|Any CPU = Debug|Any CPU
		Release|Any CPU = Release|Any CPU
	EndGlobalSection
	GlobalSection(ProjectConfigurationPlatforms) = postSolution
		{1D7E3E09-EC7D-4522-824E-ACDAD0507F26}.Debug|Any CPU.ActiveCfg = Debug|Any CPU
		{1D7E3E09-EC7D-4522-824E-ACDAD0507F26}.Debug|Any CPU.Build.0 = Debug|Any CPU
		{1D7E3E09-EC7D-4522-824E-ACDAD0507F26}.Release|Any CPU.ActiveCfg = Release|Any CPU
		{1D7E3E09-EC7D-4522-824E-ACDAD0507F26}.Release|Any CPU.Build.0 = Release|Any CPU
	EndGlobalSection
	GlobalSection(SolutionProperties) = preSolution
		HideSolutionNode = FALSE
	EndGlobalSection
	GlobalSection(ExtensibilityGlobals) = postSolution
		SolutionGuid = {B17A1056-29C1-4811-93EC-40CAACEA9159}
	EndGlobalSection
EndGlobal
